lockfileVersion: 5.3

specifiers:
  just-camel-case: ^4.0.2
  unist-util-visit: ^3.1.0

dependencies:
  just-camel-case: 4.0.2
  unist-util-visit: 3.1.0

packages:

  /@types/unist/2.0.5:
    resolution: {integrity: sha512-wnra4Vw9dopnuybR6HBywJ/URYpYrKLoepBTEtgfJup8Ahoi2zJECPP2cwiXp7btTvOT2CULv87aQRA4eZSP6g==}
    dev: false

  /just-camel-case/4.0.2:
    resolution: {integrity: sha512-df6QI/EIq+6uHe/wtaa9Qq7/pp4wr4pJC/r1+7XhVL6m5j03G6h9u9/rIZr8rDASX7CxwDPQnZjffCo2e6PRLw==}
    dev: false

  /unist-util-is/5.1.0:
    resolution: {integrity: sha512-pWspZ+AvTqYbC+xWeRmzGqbcY8Na08Eowlfs2xchWTYot8vBBAq+syrE/LWS0bw1D/JOu4lwzDbEb6Mz13tK+g==}
    dev: false

  /unist-util-visit-parents/4.1.1:
    resolution: {integrity: sha512-1xAFJXAKpnnJl8G7K5KgU7FY55y3GcLIXqkzUj5QF/QVP7biUm0K0O2oqVkYsdjzJKifYeWn9+o6piAK2hGSHw==}
    dependencies:
      '@types/unist': 2.0.5
      unist-util-is: 5.1.0
    dev: false

  /unist-util-visit/3.1.0:
    resolution: {integrity: sha512-Szoh+R/Ll68QWAyQyZZpQzZQm2UPbxibDvaY8Xc9SUtYgPsDzx5AWSk++UUt2hJuow8mvwR+rG+LQLw+KsuAKA==}
    dependencies:
      '@types/unist': 2.0.5
      unist-util-is: 5.1.0
      unist-util-visit-parents: 4.1.1
    dev: false
